
Microsoft Visual Studio Solution File, Format Version 12.00
Project("{FAE04EC0-301F-11D3-BF4B-00C04F79EFBC}") = "ConsoleApp1", "ConsoleApp1\ConsoleApp1.csproj", "{E2C92E59-1AFB-4A58-B1A9-5D70D138E96E}"
EndProject
Project("{FAE04EC0-301F-11D3-BF4B-00C04F79EFBC}") = "ConsoleApp2", "ConsoleApp2\ConsoleApp2.csproj", "{83029C46-CD08-4F3B-AE14-404A12069314}"
EndProject
Global
	GlobalSection(SolutionConfigurationPlatforms) = preSolution
		Debug|Any CPU = Debug|Any CPU
		Release|Any CPU = Release|Any CPU
	EndGlobalSection
	GlobalSection(ProjectConfigurationPlatforms) = postSolution
		{E2C92E59-1AFB-4A58-B1A9-5D70D138E96E}.Debug|Any CPU.ActiveCfg = Debug|Any CPU
		{E2C92E59-1AFB-4A58-B1A9-5D70D138E96E}.Debug|Any CPU.Build.0 = Debug|Any CPU
		{E2C92E59-1AFB-4A58-B1A9-5D70D138E96E}.Release|Any CPU.ActiveCfg = Release|Any CPU
		{E2C92E59-1AFB-4A58-B1A9-5D70D138E96E}.Release|Any CPU.Build.0 = Release|Any CPU
		{83029C46-CD08-4F3B-AE14-404A12069314}.Debug|Any CPU.ActiveCfg = Debug|Any CPU
		{83029C46-CD08-4F3B-AE14-404A12069314}.Debug|Any CPU.Build.0 = Debug|Any CPU
		{83029C46-CD08-4F3B-AE14-404A12069314}.Release|Any CPU.ActiveCfg = Release|Any CPU
		{83029C46-CD08-4F3B-AE14-404A12069314}.Release|Any CPU.Build.0 = Release|Any CPU
	EndGlobalSection
EndGlobal
